
Microsoft Visual Studio Solution File, Format Version 12.00
# Visual Studio Version 16
VisualStudioVersion = 16.0.810.23
MinimumVisualStudioVersion = 10.0.40219.1
Project("{FAE04EC0-301F-11D3-BF4B-00C04F79EFBC}") = "SyntaxSugarAssignment", "SyntaxSugarAssignment\SyntaxSugarAssignment.csproj", "{98A84831-FA7A-4072-9B08-38D639D8242E}"
EndProject
Global
	GlobalSection(SolutionConfigurationPlatforms) = preSolution
		Debug|Any CPU = Debug|Any CPU
		Release|Any CPU = Release|Any CPU
	EndGlobalSection
	GlobalSection(ProjectConfigurationPlatforms) = postSolution
		{98A84831-FA7A-4072-9B08-38D639D8242E}.Debug|Any CPU.ActiveCfg = Debug|Any CPU
		{98A84831-FA7A-4072-9B08-38D639D8242E}.Debug|Any CPU.Build.0 = Debug|Any CPU
		{98A84831-FA7A-4072-9B08-38D639D8242E}.Release|Any CPU.ActiveCfg = Release|Any CPU
		{98A84831-FA7A-4072-9B08-38D639D8242E}.Release|Any CPU.Build.0 = Release|Any CPU
	EndGlobalSection
	GlobalSection(SolutionProperties) = preSolution
		HideSolutionNode = FALSE
	EndGlobalSection
	GlobalSection(ExtensibilityGlobals) = postSolution
		SolutionGuid = {5B212A9B-AA3B-4421-BDA7-3C1B5472155D}
	EndGlobalSection
EndGlobal
